github.com/aws/aws-sdk-go-v2 v1.43.4 h1:b9FTvbRwy+JCsfp2Wp6wV/KbOx3Aj7nkoFb2cRX0IhE=
github.com/aws/aws-sdk-go-v2 v1.43.4/go.mod h1:70vwSy16txshwG+g55WkpgPKDIByzHI8ccBsOteo3bQ=
github.com/aws/aws-sdk-go-v2/config v1.32.7 h1:vxUyWGUwmkQ2g19n7JY/9YL8MfAIl7bTesIUykECXmY=
github.com/aws/aws-sdk-go-v2/config v1.32.7/go.mod h1:2/Qm5vKUU/r7Y+zUk/Ptt2MDAEKAfUtKc1+3U1Mo3oY=
github.com/aws/aws-sdk-go-v2/credentials v1.19.7 h1:tHK47VqqtJxOymRrNtUXN5SP/zUTvZKeLx4tH6PGQc8=
github.com/aws/aws-sdk-go-v2/credentials v1.19.7/go.mod h1:qOZk8sPDrxhf+4Wf4oT2urYJrYt3RejHSzgAquYeppw=
github.com/aws/aws-sdk-go-v2/feature/ec2/imds v1.18.17 h1:I0GyV8wiYrP8XpA70g1HBcQO1JlQxCMTW9npl5UbDHY=
github.com/aws/aws-sdk-go-v2/feature/ec2/imds v1.18.17/go.mod h1:tyw7BOl5bBe/oqvoIeECFJjMdzXoa/dfVz3QQ5lgHGA=
github.com/aws/aws-sdk-go-v2/internal/configsources v1.4.35 h1:kzVuGlatQtYinwBJEEyLAbggepCoavosiaHHX9+fD+c=
github.com/aws/aws-sdk-go-v2/internal/configsources v1.4.35/go.mod h1:0yLx0yEI+SfqeJMPvOtIEFoZbiQYXMGszBueiutQyaI=
github.com/aws/aws-sdk-go-v2/internal/endpoints/v2 v2.7.35 h1:WK6CjihTuLisCjSKKbildJ79sGZZgbBz3iNa7VsKIhU=
github.com/aws/aws-sdk-go-v2/internal/endpoints/v2 v2.7.35/go.mod h1:KYleN57luLoe97R7vTnx8PMcVrr9gAcRECtOjl91DNg=
github.com/aws/aws-sdk-go-v2/internal/ini v1.8.4 h1:WKuaxf++XKWlHWu9ECbMlha8WOEGm0OUEZqm4K/Gcfk=
github.com/aws/aws-sdk-go-v2/internal/ini v1.8.4/go.mod h1:ZWy7j6v1vWGmPReu0iSGvRiise4YI5SkR3OHKTZ6Wuc=
github.com/aws/aws-sdk-go-v2/internal/v4a v1.4.36 h1:jbGY4CXLzZElOXgGsexlC3Hi+3YM0rSmk4opFXKqg/k=
github.com/aws/aws-sdk-go-v2/internal/v4a v1.4.36/go.mod h1:uBu/9aKsS/UQGc72RAt3y54kjgYQxmhut8ZD2dXCDNE=
github.com/aws/aws-sdk-go-v2/service/internal/accept-encoding v1.13.15 h1:JJLBQxwY+AFwuPAi5ivGc1ChnTdUt4cXMv7e76m2c/Y=
github.com/aws/aws-sdk-go-v2/service/internal/accept-encoding v1.13.15/go.mod h1:lQknBIe78MVL0cQOQDlag8KGflMbMEVFx9mB6O8ENvk=
github.com/aws/aws-sdk-go-v2/service/internal/presigned-url v1.13.35 h1:BBEElKh4a+rKshvjrfpajTe9CbpZvrbb4Jkg2PB7RzA=
github.com/aws/aws-sdk-go-v2/service/internal/presigned-url v1.13.35/go.mod h1:zaZk983w//8beSruBVec/mr4CmDwgZitW/qzGhAAX0g=
github.com/aws/aws-sdk-go-v2/service/signin v1.0.5 h1:VrhDvQib/i0lxvr3zqlUwLwJP4fpmpyD9wYG1vfSu+Y=
github.com/aws/aws-sdk-go-v2/service/signin v1.0.5/go.mod h1:k029+U8SY30/3/ras4G/Fnv/b88N4mAfliNn08Dem4M=
github.com/aws/aws-sdk-go-v2/service/sso v1.30.9 h1:v6EiMvhEYBoHABfbGB4alOYmCIrcgyPPiBE1wZAEbqk=
github.com/aws/aws-sdk-go-v2/service/sso v1.30.9/go.mod h1:yifAsgBxgJWn3ggx70A3urX2AN49Y5sJTD1UQFlfqBw=
github.com/aws/aws-sdk-go-v2/service/ssooidc v1.35.13 h1:gd84Omyu9JLriJVCbGApcLzVR3XtmC4ZDPcAI6Ftvds=
github.com/aws/aws-sdk-go-v2/service/ssooidc v1.35.13/go.mod h1:sTGThjphYE4Ohw8vJiRStAcu3rbjtXRsdNB0TvZ5wwo=
github.com/aws/aws-sdk-go-v2/service/sts v1.45.4 h1:w/AryDYMjSUANSQ2uoZxJovUsMTwWJNTv3IMex30Y+4=
github.com/aws/aws-sdk-go-v2/service/sts v1.45.4/go.mod h1:WeBiAa67azG7Su9Vf+ChGDBLiAozJCXzdjXiPBUwtbc=
github.com/aws/smithy-go v1.27.6 h1:0zjT8jgK3jbrTT7JJ3EE6JsMhX8JTrZ+f1sEndYDXrA=
github.com/aws/smithy-go v1.27.6/go.mod h1:YE2RhdIuDbA5E5bTdciG9KrW3+TiEONeUWCqxX9i1Fc=
